
Microsoft Visual Studio Solution File, Format Version 12.00
# Visual Studio Version 17
VisualStudioVersion = 17.5.33502.453
MinimumVisualStudioVersion = 10.0.40219.1
Project("{FAE04EC0-301F-11D3-BF4B-00C04F79EFBC}") = "laba13", "laba13\laba13.csproj", "{7C744B68-308F-4620-990F-5ECA66C20B0B}"
EndProject
Project("{FAE04EC0-301F-11D3-BF4B-00C04F79EFBC}") = "ClassLibrary1", "ClassLibrary1\ClassLibrary1.csproj", "{4E92A93F-17CC-4BBF-A3BA-33B75286977A}"
EndProject
Global
	GlobalSection(SolutionConfigurationPlatforms) = preSolution
		Debug|Any CPU = Debug|Any CPU
		Release|Any CPU = Release|Any CPU
	EndGlobalSection
	GlobalSection(ProjectConfigurationPlatforms) = postSolution
		{7C744B68-308F-4620-990F-5ECA66C20B0B}.Debug|Any CPU.ActiveCfg = Debug|Any CPU
		{7C744B68-308F-4620-990F-5ECA66C20B0B}.Debug|Any CPU.Build.0 = Debug|Any CPU
		{7C744B68-308F-4620-990F-5ECA66C20B0B}.Release|Any CPU.ActiveCfg = Release|Any CPU
		{7C744B68-308F-4620-990F-5ECA66C20B0B}.Release|Any CPU.Build.0 = Release|Any CPU
		{4E92A93F-17CC-4BBF-A3BA-33B75286977A}.Debug|Any CPU.ActiveCfg = Debug|Any CPU
		{4E92A93F-17CC-4BBF-A3BA-33B75286977A}.Debug|Any CPU.Build.0 = Debug|Any CPU
		{4E92A93F-17CC-4BBF-A3BA-33B75286977A}.Release|Any CPU.ActiveCfg = Release|Any CPU
		{4E92A93F-17CC-4BBF-A3BA-33B75286977A}.Release|Any CPU.Build.0 = Release|Any CPU
	EndGlobalSection
	GlobalSection(SolutionProperties) = preSolution
		HideSolutionNode = FALSE
	EndGlobalSection
	GlobalSection(ExtensibilityGlobals) = postSolution
		SolutionGuid = {DF0A974F-03FB-44AF-8611-9509849FCFFC}
	EndGlobalSection
EndGlobal
